
Microsoft Visual Studio Solution File, Format Version 11.00
# Visual Studio 2010
Project("{8BC9CEB8-8B4A-11D0-8D11-00A0C91BC942}") = "练习", "练习\练习.vcxproj", "{5984ED35-65B1-46B9-B641-51FD8AD4A75D}"
EndProject
Global
	GlobalSection(SolutionConfigurationPlatforms) = preSolution
		Debug|Win32 = Debug|Win32
		Release|Win32 = Release|Win32
	EndGlobalSection
	GlobalSection(ProjectConfigurationPlatforms) = postSolution
		{5984ED35-65B1-46B9-B641-51FD8AD4A75D}.Debug|Win32.ActiveCfg = Debug|Win32
		{5984ED35-65B1-46B9-B641-51FD8AD4A75D}.Debug|Win32.Build.0 = Debug|Win32
		{5984ED35-65B1-46B9-B641-51FD8AD4A75D}.Release|Win32.ActiveCfg = Release|Win32
		{5984ED35-65B1-46B9-B641-51FD8AD4A75D}.Release|Win32.Build.0 = Release|Win32
	EndGlobalSection
	GlobalSection(SolutionProperties) = preSolution
		HideSolutionNode = FALSE
	EndGlobalSection
EndGlobal
